
Microsoft Visual Studio Solution File, Format Version 12.00
# Visual Studio Version 17
VisualStudioVersion = 17.8.34511.84
MinimumVisualStudioVersion = 10.0.40219.1
Project("{9A19103F-16F7-4668-BE54-9A1E7A4F7556}") = "appack", "appack\appack.csproj", "{41D05F04-E945-4D7F-9881-F3D1FF960D6F}"
EndProject
Project("{9A19103F-16F7-4668-BE54-9A1E7A4F7556}") = "aplibsharp", "aplibsharp\aplibsharp.csproj", "{E8DC8564-E563-475C-88C6-CC71A4805E8B}"
EndProject
Global
	GlobalSection(SolutionConfigurationPlatforms) = preSolution
		Debug|Any CPU = Debug|Any CPU
		Release|Any CPU = Release|Any CPU
	EndGlobalSection
	GlobalSection(ProjectConfigurationPlatforms) = postSolution
		{41D05F04-E945-4D7F-9881-F3D1FF960D6F}.Debug|Any CPU.ActiveCfg = Debug|Any CPU
		{41D05F04-E945-4D7F-9881-F3D1FF960D6F}.Debug|Any CPU.Build.0 = Debug|Any CPU
		{41D05F04-E945-4D7F-9881-F3D1FF960D6F}.Release|Any CPU.ActiveCfg = Release|Any CPU
		{41D05F04-E945-4D7F-9881-F3D1FF960D6F}.Release|Any CPU.Build.0 = Release|Any CPU
		{E8DC8564-E563-475C-88C6-CC71A4805E8B}.Debug|Any CPU.ActiveCfg = Debug|Any CPU
		{E8DC8564-E563-475C-88C6-CC71A4805E8B}.Debug|Any CPU.Build.0 = Debug|Any CPU
		{E8DC8564-E563-475C-88C6-CC71A4805E8B}.Release|Any CPU.ActiveCfg = Release|Any CPU
		{E8DC8564-E563-475C-88C6-CC71A4805E8B}.Release|Any CPU.Build.0 = Release|Any CPU
	EndGlobalSection
	GlobalSection(SolutionProperties) = preSolution
		HideSolutionNode = FALSE
	EndGlobalSection
	GlobalSection(ExtensibilityGlobals) = postSolution
		SolutionGuid = {D5BDC44E-8653-4AB2-87D8-6518FE22396F}
	EndGlobalSection
EndGlobal
